
Microsoft Visual Studio Solution File, Format Version 12.00
# Visual Studio 15
VisualStudioVersion = 15.0.28010.2046
MinimumVisualStudioVersion = 10.0.40219.1
Project("{888888A0-9F3D-457C-B088-3A5042F75D52}") = "URP_Server", "URP_Server\URP_Server.pyproj", "{CF578F08-B0DB-47AC-90C2-9A6D8E5E4CD9}"
EndProject
Global
	GlobalSection(SolutionConfigurationPlatforms) = preSolution
		Debug|Any CPU = Debug|Any CPU
		Release|Any CPU = Release|Any CPU
	EndGlobalSection
	GlobalSection(ProjectConfigurationPlatforms) = postSolution
		{CF578F08-B0DB-47AC-90C2-9A6D8E5E4CD9}.Debug|Any CPU.ActiveCfg = Debug|Any CPU
		{CF578F08-B0DB-47AC-90C2-9A6D8E5E4CD9}.Debug|Any CPU.Build.0 = Debug|Any CPU
		{CF578F08-B0DB-47AC-90C2-9A6D8E5E4CD9}.Release|Any CPU.ActiveCfg = Release|Any CPU
		{CF578F08-B0DB-47AC-90C2-9A6D8E5E4CD9}.Release|Any CPU.Build.0 = Release|Any CPU
	EndGlobalSection
	GlobalSection(SolutionProperties) = preSolution
		HideSolutionNode = FALSE
	EndGlobalSection
	GlobalSection(ExtensibilityGlobals) = postSolution
		SolutionGuid = {E7E92D58-7776-4DCB-9AF4-C11BAB343392}
	EndGlobalSection
EndGlobal
